// !$*UTF8*$!
{
	archiveVersion = 1;
	classes = {
	};
	objectVersion = 52;
	objects = {

/* Begin PBXBuildFile section */
		1009A44A80F7A732505175AD /* Pods_Flix_FlixUITests.framework in Frameworks */ = {isa = PBXBuildFile; fileRef = C542E413F83063B658E0CFF3 /* Pods_Flix_FlixUITests.framework */; };
		245E193A26F4D1F70031F770 /* MoviesViewController.swift in Sources */ = {isa = PBXBuildFile; fileRef = 245E193926F4D1F70031F770 /* MoviesViewController.swift */; };
		245E194326F4EA3C0031F770 /* MovieCell.swift in Sources */ = {isa = PBXBuildFile; fileRef = 245E194226F4EA3C0031F770 /* MovieCell.swift */; };
		245E194C26F4F1440031F770 /* AlamofireImage in Frameworks */ = {isa = PBXBuildFile; productRef = 245E194B26F4F1440031F770 /* AlamofireImage */; };
		24A0759426FE7EC400695957 /* MovieGridViewController.swift in Sources */ = {isa = PBXBuildFile; fileRef = 24A0759326FE7EC400695957 /* MovieGridViewController.swift */; };
		24A0759C26FE858D00695957 /* MovieGridCell.swift in Sources */ = {isa = PBXBuildFile; fileRef = 24A0759B26FE858D00695957 /* MovieGridCell.swift */; };
		24B2DAB326F3FFC400386437 /* AppDelegate.swift in Sources */ = {isa = PBXBuildFile; fileRef = 24B2DAB226F3FFC400386437 /* AppDelegate.swift */; };
		24B2DAB526F3FFC400386437 /* SceneDelegate.swift in Sources */ = {isa = PBXBuildFile; fileRef = 24B2DAB426F3FFC400386437 /* SceneDelegate.swift */; };
		24B2DABA26F3FFC400386437 /* Main.storyboard in Resources */ = {isa = PBXBuildFile; fileRef = 24B2DAB826F3FFC400386437 /* Main.storyboard */; };
		24B2DABC26F3FFC500386437 /* Assets.xcassets in Resources */ = {isa = PBXBuildFile; fileRef = 24B2DABB26F3FFC500386437 /* Assets.xcassets */; };
		24B2DABF26F3FFC500386437 /* LaunchScreen.storyboard in Resources */ = {isa = PBXBuildFile; fileRef = 24B2DABD26F3FFC500386437 /* LaunchScreen.storyboard */; };
		24B2DACA26F3FFC500386437 /* FlixTests.swift in Sources */ = {isa = PBXBuildFile; fileRef = 24B2DAC926F3FFC500386437 /* FlixTests.swift */; };
		24B2DAD526F3FFC500386437 /* FlixUITests.swift in Sources */ = {isa = PBXBuildFile; fileRef = 24B2DAD426F3FFC500386437 /* FlixUITests.swift */; };
		24EF65E726FE17CD003B7B0A /* MovieDetailsViewController.swift in Sources */ = {isa = PBXBuildFile; fileRef = 24EF65E626FE17CD003B7B0A /* MovieDetailsViewController.swift */; };
		5AF6EDB7EE72DED4CA999458 /* Pods_Flix.framework in Frameworks */ = {isa = PBXBuildFile; fileRef = 689EAD2C72AE95AFB9F68F3F /* Pods_Flix.framework */; };
		756BB6C60837B147A763BE7C /* Pods_FlixTests.framework in Frameworks */ = {isa = PBXBuildFile; fileRef = 4589EFE314EDAE15070D03BC /* Pods_FlixTests.framework */; };
/* End PBXBuildFile section */

/* Begin PBXContainerItemProxy section */
		24B2DAC626F3FFC500386437 /* PBXContainerItemProxy */ = {
			isa = PBXContainerItemProxy;
			containerPortal = 24B2DAA726F3FFC400386437 /* Project object */;
			proxyType = 1;
			remoteGlobalIDString = 24B2DAAE26F3FFC400386437;
			remoteInfo = Flix;
		};
		24B2DAD126F3FFC500386437 /* PBXContainerItemProxy */ = {
			isa = PBXContainerItemProxy;
			containerPortal = 24B2DAA726F3FFC400386437 /* Project object */;
			proxyType = 1;
			remoteGlobalIDString = 24B2DAAE26F3FFC400386437;
			remoteInfo = Flix;
		};
/* End PBXContainerItemProxy section */

/* Begin PBXFileReference section */
		001F250918FD627799E0CDB0 /* Pods-FlixTests.release.xcconfig */ = {isa = PBXFileReference; includeInIndex = 1; lastKnownFileType = text.xcconfig; name = "Pods-FlixTests.release.xcconfig"; path = "Target Support Files/Pods-FlixTests/Pods-FlixTests.release.xcconfig"; sourceTree = "<group>"; };
		186A81F0254B278C44692F0F /* Pods-FlixTests.debug.xcconfig */ = {isa = PBXFileReference; includeInIndex = 1; lastKnownFileType = text.xcconfig; name = "Pods-FlixTests.debug.xcconfig"; path = "Target Support Files/Pods-FlixTests/Pods-FlixTests.debug.xcconfig"; sourceTree = "<group>"; };
		245E193926F4D1F70031F770 /* MoviesViewController.swift */ = {isa = PBXFileReference; lastKnownFileType = sourcecode.swift; path = MoviesViewController.swift; sourceTree = "<group>"; };
		245E194226F4EA3C0031F770 /* MovieCell.swift */ = {isa = PBXFileReference; lastKnownFileType = sourcecode.swift; path = MovieCell.swift; sourceTree = "<group>"; };
		24A0759326FE7EC400695957 /* MovieGridViewController.swift */ = {isa = PBXFileReference; lastKnownFileType = sourcecode.swift; path = MovieGridViewController.swift; sourceTree = "<group>"; };
		24A0759B26FE858D00695957 /* MovieGridCell.swift */ = {isa = PBXFileReference; lastKnownFileType = sourcecode.swift; path = MovieGridCell.swift; sourceTree = "<group>"; };
		24B2DAAF26F3FFC400386437 /* Flix.app */ = {isa = PBXFileReference; explicitFileType = wrapper.application; includeInIndex = 0; path = Flix.app; sourceTree = BUILT_PRODUCTS_DIR; };
		24B2DAB226F3FFC400386437 /* AppDelegate.swift */ = {isa = PBXFileReference; lastKnownFileType = sourcecode.swift; path = AppDelegate.swift; sourceTree = "<group>"; };
		24B2DAB426F3FFC400386437 /* SceneDelegate.swift */ = {isa = PBXFileReference; lastKnownFileType = sourcecode.swift; path = SceneDelegate.swift; sourceTree = "<group>"; };
		24B2DAB926F3FFC400386437 /* Base */ = {isa = PBXFileReference; lastKnownFileType = file.storyboard; name = Base; path = Base.lproj/Main.storyboard; sourceTree = "<group>"; };
		24B2DABB26F3FFC500386437 /* Assets.xcassets */ = {isa = PBXFileReference; lastKnownFileType = folder.assetcatalog; path = Assets.xcassets; sourceTree = "<group>"; };
		24B2DABE26F3FFC500386437 /* Base */ = {isa = PBXFileReference; lastKnownFileType = file.storyboard; name = Base; path = Base.lproj/LaunchScreen.storyboard; sourceTree = "<group>"; };
		24B2DAC026F3FFC500386437 /* Info.plist */ = {isa = PBXFileReference; lastKnownFileType = text.plist.xml; path = Info.plist; sourceTree = "<group>"; };
		24B2DAC526F3FFC500386437 /* FlixTests.xctest */ = {isa = PBXFileReference; explicitFileType = wrapper.cfbundle; includeInIndex = 0; path = FlixTests.xctest; sourceTree = BUILT_PRODUCTS_DIR; };
		24B2DAC926F3FFC500386437 /* FlixTests.swift */ = {isa = PBXFileReference; lastKnownFileType = sourcecode.swift; path = FlixTests.swift; sourceTree = "<group>"; };
		24B2DACB26F3FFC500386437 /* Info.plist */ = {isa = PBXFileReference; lastKnownFileType = text.plist.xml; path = Info.plist; sourceTree = "<group>"; };
		24B2DAD026F3FFC500386437 /* FlixUITests.xctest */ = {isa = PBXFileReference; explicitFileType = wrapper.cfbundle; includeInIndex = 0; path = FlixUITests.xctest; sourceTree = BUILT_PRODUCTS_DIR; };
		24B2DAD426F3FFC500386437 /* FlixUITests.swift */ = {isa = PBXFileReference; lastKnownFileType = sourcecode.swift; path = FlixUITests.swift; sourceTree = "<group>"; };
		24B2DAD626F3FFC500386437 /* Info.plist */ = {isa = PBXFileReference; lastKnownFileType = text.plist.xml; path = Info.plist; sourceTree = "<group>"; };
		24EF65E626FE17CD003B7B0A /* MovieDetailsViewController.swift */ = {isa = PBXFileReference; lastKnownFileType = sourcecode.swift; path = MovieDetailsViewController.swift; sourceTree = "<group>"; };
		4589EFE314EDAE15070D03BC /* Pods_FlixTests.framework */ = {isa = PBXFileReference; explicitFileType = wrapper.framework; includeInIndex = 0; path = Pods_FlixTests.framework; sourceTree = BUILT_PRODUCTS_DIR; };
		689EAD2C72AE95AFB9F68F3F /* Pods_Flix.framework */ = {isa = PBXFileReference; explicitFileType = wrapper.framework; includeInIndex = 0; path = Pods_Flix.framework; sourceTree = BUILT_PRODUCTS_DIR; };
		A10BEE7320A4B574A353E8CE /* Pods-Flix.debug.xcconfig */ = {isa = PBXFileReference; includeInIndex = 1; lastKnownFileType = text.xcconfig; name = "Pods-Flix.debug.xcconfig"; path = "Target Support Files/Pods-Flix/Pods-Flix.debug.xcconfig"; sourceTree = "<group>"; };
		B18E09E343AEF11E2C82AFB7 /* Pods-Flix-FlixUITests.release.xcconfig */ = {isa = PBXFileReference; includeInIndex = 1; lastKnownFileType = text.xcconfig; name = "Pods-Flix-FlixUITests.release.xcconfig"; path = "Target Support Files/Pods-Flix-FlixUITests/Pods-Flix-FlixUITests.release.xcconfig"; sourceTree = "<group>"; };
		C542E413F83063B658E0CFF3 /* Pods_Flix_FlixUITests.framework */ = {isa = PBXFileReference; explicitFileType = wrapper.framework; includeInIndex = 0; path = Pods_Flix_FlixUITests.framework; sourceTree = BUILT_PRODUCTS_DIR; };
		CE47F55837ACE75AE1C626B3 /* Pods-Flix-FlixUITests.debug.xcconfig */ = {isa = PBXFileReference; includeInIndex = 1; lastKnownFileType = text.xcconfig; name = "Pods-Flix-FlixUITests.debug.xcconfig"; path = "Target Support Files/Pods-Flix-FlixUITests/Pods-Flix-FlixUITests.debug.xcconfig"; sourceTree = "<group>"; };
		D54FB575B57121626A42AB66 /* Pods-Flix.release.xcconfig */ = {isa = PBXFileReference; includeInIndex = 1; lastKnownFileType = text.xcconfig; name = "Pods-Flix.release.xcconfig"; path = "Target Support Files/Pods-Flix/Pods-Flix.release.xcconfig"; sourceTree = "<group>"; };
/* End PBXFileReference section */

/* Begin PBXFrameworksBuildPhase section */
		24B2DAAC26F3FFC400386437 /* Frameworks */ = {
			isa = PBXFrameworksBuildPhase;
			buildActionMask = 2147483647;
			files = (
				245E194C26F4F1440031F770 /* AlamofireImage in Frameworks */,
				5AF6EDB7EE72DED4CA999458 /* Pods_Flix.framework in Frameworks */,
			);
			runOnlyForDeploymentPostprocessing = 0;
		};
		24B2DAC226F3FFC500386437 /* Frameworks */ = {
			isa = PBXFrameworksBuildPhase;
			buildActionMask = 2147483647;
			files = (
				756BB6C60837B147A763BE7C /* Pods_FlixTests.framework in Frameworks */,
			);
			runOnlyForDeploymentPostprocessing = 0;
		};
		24B2DACD26F3FFC500386437 /* Frameworks */ = {
			isa = PBXFrameworksBuildPhase;
			buildActionMask = 2147483647;
			files = (
				1009A44A80F7A732505175AD /* Pods_Flix_FlixUITests.framework in Frameworks */,
			);
			runOnlyForDeploymentPostprocessing = 0;
		};
/* End PBXFrameworksBuildPhase section */

/* Begin PBXGroup section */
		24B2DAA626F3FFC400386437 = {
			isa = PBXGroup;
			children = (
				24B2DAB126F3FFC400386437 /* Flix */,
				24B2DAC826F3FFC500386437 /* FlixTests */,
				24B2DAD326F3FFC500386437 /* FlixUITests */,
				24B2DAB026F3FFC400386437 /* Products */,
				5418B111B631F89C574562EE /* Pods */,
				5C24738DA80694D68DB32AE7 /* Frameworks */,
			);
			sourceTree = "<group>";
		};
		24B2DAB026F3FFC400386437 /* Products */ = {
			isa = PBXGroup;
			children = (
				24B2DAAF26F3FFC400386437 /* Flix.app */,
				24B2DAC526F3FFC500386437 /* FlixTests.xctest */,
				24B2DAD026F3FFC500386437 /* FlixUITests.xctest */,
			);
			name = Products;
			sourceTree = "<group>";
		};
		24B2DAB126F3FFC400386437 /* Flix */ = {
			isa = PBXGroup;
			children = (
				24B2DAB226F3FFC400386437 /* AppDelegate.swift */,
				24B2DAB426F3FFC400386437 /* SceneDelegate.swift */,
				245E193926F4D1F70031F770 /* MoviesViewController.swift */,
				24EF65E626FE17CD003B7B0A /* MovieDetailsViewController.swift */,
				245E194226F4EA3C0031F770 /* MovieCell.swift */,
				24A0759326FE7EC400695957 /* MovieGridViewController.swift */,
				24A0759B26FE858D00695957 /* MovieGridCell.swift */,
				24B2DAB826F3FFC400386437 /* Main.storyboard */,
				24B2DABB26F3FFC500386437 /* Assets.xcassets */,
				24B2DABD26F3FFC500386437 /* LaunchScreen.storyboard */,
				24B2DAC026F3FFC500386437 /* Info.plist */,
			);
			path = Flix;
			sourceTree = "<group>";
		};
		24B2DAC826F3FFC500386437 /* FlixTests */ = {
			isa = PBXGroup;
			children = (
				24B2DAC926F3FFC500386437 /* FlixTests.swift */,
				24B2DACB26F3FFC500386437 /* Info.plist */,
			);
			path = FlixTests;
			sourceTree = "<group>";
		};
		24B2DAD326F3FFC500386437 /* FlixUITests */ = {
			isa = PBXGroup;
			children = (
				24B2DAD426F3FFC500386437 /* FlixUITests.swift */,
				24B2DAD626F3FFC500386437 /* Info.plist */,
			);
			path = FlixUITests;
			sourceTree = "<group>";
		};
		5418B111B631F89C574562EE /* Pods */ = {
			isa = PBXGroup;
			children = (
				A10BEE7320A4B574A353E8CE /* Pods-Flix.debug.xcconfig */,
				D54FB575B57121626A42AB66 /* Pods-Flix.release.xcconfig */,
				CE47F55837ACE75AE1C626B3 /* Pods-Flix-FlixUITests.debug.xcconfig */,
				B18E09E343AEF11E2C82AFB7 /* Pods-Flix-FlixUITests.release.xcconfig */,
				186A81F0254B278C44692F0F /* Pods-FlixTests.debug.xcconfig */,
				001F250918FD627799E0CDB0 /* Pods-FlixTests.release.xcconfig */,
			);
			path = Pods;
			sourceTree = "<group>";
		};
		5C24738DA80694D68DB32AE7 /* Frameworks */ = {
			isa = PBXGroup;
			children = (
				689EAD2C72AE95AFB9F68F3F /* Pods_Flix.framework */,
				C542E413F83063B658E0CFF3 /* Pods_Flix_FlixUITests.framework */,
				4589EFE314EDAE15070D03BC /* Pods_FlixTests.framework */,
			);
			name = Frameworks;
			sourceTree = "<group>";
		};
/* End PBXGroup section */

/* Begin PBXNativeTarget section */
		24B2DAAE26F3FFC400386437 /* Flix */ = {
			isa = PBXNativeTarget;
			buildConfigurationList = 24B2DAD926F3FFC500386437 /* Build configuration list for PBXNativeTarget "Flix" */;
			buildPhases = (
				7876BD0E0C0D68836491FAA2 /* [CP] Check Pods Manifest.lock */,
				24B2DAAB26F3FFC400386437 /* Sources */,
				24B2DAAC26F3FFC400386437 /* Frameworks */,
				24B2DAAD26F3FFC400386437 /* Resources */,
				01CF0612E0948A8E6090AEFB /* [CP] Embed Pods Frameworks */,
			);
			buildRules = (
			);
			dependencies = (
			);
			name = Flix;
			packageProductDependencies = (
				245E194B26F4F1440031F770 /* AlamofireImage */,
			);
			productName = Flix;
			productReference = 24B2DAAF26F3FFC400386437 /* Flix.app */;
			productType = "com.apple.product-type.application";
		};
		24B2DAC426F3FFC500386437 /* FlixTests */ = {
			isa = PBXNativeTarget;
			buildConfigurationList = 24B2DADC26F3FFC500386437 /* Build configuration list for PBXNativeTarget "FlixTests" */;
			buildPhases = (
				BE699871B8FA2A7002621A94 /* [CP] Check Pods Manifest.lock */,
				24B2DAC126F3FFC500386437 /* Sources */,
				24B2DAC226F3FFC500386437 /* Frameworks */,
				24B2DAC326F3FFC500386437 /* Resources */,
			);
			buildRules = (
			);
			dependencies = (
				24B2DAC726F3FFC500386437 /* PBXTargetDependency */,
			);
			name = FlixTests;
			productName = FlixTests;
			productReference = 24B2DAC526F3FFC500386437 /* FlixTests.xctest */;
			productType = "com.apple.product-type.bundle.unit-test";
		};
		24B2DACF26F3FFC500386437 /* FlixUITests */ = {
			isa = PBXNativeTarget;
			buildConfigurationList = 24B2DADF26F3FFC500386437 /* Build configuration list for PBXNativeTarget "FlixUITests" */;
			buildPhases = (
				B6C97AE20B38813942ACBD52 /* [CP] Check Pods Manifest.lock */,
				24B2DACC26F3FFC500386437 /* Sources */,
				24B2DACD26F3FFC500386437 /* Frameworks */,
				24B2DACE26F3FFC500386437 /* Resources */,
				EC83AE64D3BC4D17392BAE25 /* [CP] Embed Pods Frameworks */,
			);
			buildRules = (
			);
			dependencies = (
				24B2DAD226F3FFC500386437 /* PBXTargetDependency */,
			);
			name = FlixUITests;
			productName = FlixUITests;
			productReference = 24B2DAD026F3FFC500386437 /* FlixUITests.xctest */;
			productType = "com.apple.product-type.bundle.ui-testing";
		};
/* End PBXNativeTarget section */

/* Begin PBXProject section */
		24B2DAA726F3FFC400386437 /* Project object */ = {
			isa = PBXProject;
			attributes = {
				LastSwiftUpdateCheck = 1230;
				LastUpgradeCheck = 1230;
				TargetAttributes = {
					24B2DAAE26F3FFC400386437 = {
						CreatedOnToolsVersion = 12.3;
					};
					24B2DAC426F3FFC500386437 = {
						CreatedOnToolsVersion = 12.3;
						TestTargetID = 24B2DAAE26F3FFC400386437;
					};
					24B2DACF26F3FFC500386437 = {
						CreatedOnToolsVersion = 12.3;
						TestTargetID = 24B2DAAE26F3FFC400386437;
					};
				};
			};
			buildConfigurationList = 24B2DAAA26F3FFC400386437 /* Build configuration list for PBXProject "Flix" */;
			compatibilityVersion = "Xcode 9.3";
			developmentRegion = en;
			hasScannedForEncodings = 0;
			knownRegions = (
				en,
				Base,
			);
			mainGroup = 24B2DAA626F3FFC400386437;
			packageReferences = (
				245E194A26F4F1440031F770 /* XCRemoteSwiftPackageReference "AlamofireImage" */,
			);
			productRefGroup = 24B2DAB026F3FFC400386437 /* Products */;
			projectDirPath = "";
			projectRoot = "";
			targets = (
				24B2DAAE26F3FFC400386437 /* Flix */,
				24B2DAC426F3FFC500386437 /* FlixTests */,
				24B2DACF26F3FFC500386437 /* FlixUITests */,
			);
		};
/* End PBXProject section */

/* Begin PBXResourcesBuildPhase section */
		24B2DAAD26F3FFC400386437 /* Resources */ = {
			isa = PBXResourcesBuildPhase;
			buildActionMask = 2147483647;
			files = (
				24B2DABF26F3FFC500386437 /* LaunchScreen.storyboard in Resources */,
				24B2DABC26F3FFC500386437 /* Assets.xcassets in Resources */,
				24B2DABA26F3FFC400386437 /* Main.storyboard in Resources */,
			);
			runOnlyForDeploymentPostprocessing = 0;
		};
		24B2DAC326F3FFC500386437 /* Resources */ = {
			isa = PBXResourcesBuildPhase;
			buildActionMask = 2147483647;
			files = (
			);
			runOnlyForDeploymentPostprocessing = 0;
		};
		24B2DACE26F3FFC500386437 /* Resources */ = {
			isa = PBXResourcesBuildPhase;
			buildActionMask = 2147483647;
			files = (
			);
			runOnlyForDeploymentPostprocessing = 0;
		};
/* End PBXResourcesBuildPhase section */

/* Begin PBXShellScriptBuildPhase section */
		01CF0612E0948A8E6090AEFB /* [CP] Embed Pods Frameworks */ = {
			isa = PBXShellScriptBuildPhase;
			buildActionMask = 2147483647;
			files = (
			);
			inputFileListPaths = (
				"${PODS_ROOT}/Target Support Files/Pods-Flix/Pods-Flix-frameworks-${CONFIGURATION}-input-files.xcfilelist",
			);
			name = "[CP] Embed Pods Frameworks";
			outputFileListPaths = (
				"${PODS_ROOT}/Target Support Files/Pods-Flix/Pods-Flix-frameworks-${CONFIGURATION}-output-files.xcfilelist",
			);
			runOnlyForDeploymentPostprocessing = 0;
			shellPath = /bin/sh;
			shellScript = "\"${PODS_ROOT}/Target Support Files/Pods-Flix/Pods-Flix-frameworks.sh\"\n";
			showEnvVarsInLog = 0;
		};
		7876BD0E0C0D68836491FAA2 /* [CP] Check Pods Manifest.lock */ = {
			isa = PBXShellScriptBuildPhase;
			buildActionMask = 2147483647;
			files = (
			);
			inputFileListPaths = (
			);
			inputPaths = (
				"${PODS_PODFILE_DIR_PATH}/Podfile.lock",
				"${PODS_ROOT}/Manifest.lock",
			);
			name = "[CP] Check Pods Manifest.lock";
			outputFileListPaths = (
			);
			outputPaths = (
				"$(DERIVED_FILE_DIR)/Pods-Flix-checkManifestLockResult.txt",
			);
			runOnlyForDeploymentPostprocessing = 0;
			shellPath = /bin/sh;
			shellScript = "diff \"${PODS_PODFILE_DIR_PATH}/Podfile.lock\" \"${PODS_ROOT}/Manifest.lock\" > /dev/null\nif [ $? != 0 ] ; then\n    # print error to STDERR\n    echo \"error: The sandbox is not in sync with the Podfile.lock. Run 'pod install' or update your CocoaPods installation.\" >&2\n    exit 1\nfi\n# This output is used by Xcode 'outputs' to avoid re-running this script phase.\necho \"SUCCESS\" > \"${SCRIPT_OUTPUT_FILE_0}\"\n";
			showEnvVarsInLog = 0;
		};
		B6C97AE20B38813942ACBD52 /* [CP] Check Pods Manifest.lock */ = {
			isa = PBXShellScriptBuildPhase;
			buildActionMask = 2147483647;
			files = (
			);
			inputFileListPaths = (
			);
			inputPaths = (
				"${PODS_PODFILE_DIR_PATH}/Podfile.lock",
				"${PODS_ROOT}/Manifest.lock",
			);
			name = "[CP] Check Pods Manifest.lock";
			outputFileListPaths = (
			);
			outputPaths = (
				"$(DERIVED_FILE_DIR)/Pods-Flix-FlixUITests-checkManifestLockResult.txt",
			);
			runOnlyForDeploymentPostprocessing = 0;
			shellPath = /bin/sh;
			shellScript = "diff \"${PODS_PODFILE_DIR_PATH}/Podfile.lock\" \"${PODS_ROOT}/Manifest.lock\" > /dev/null\nif [ $? != 0 ] ; then\n    # print error to STDERR\n    echo \"error: The sandbox is not in sync with the Podfile.lock. Run 'pod install' or update your CocoaPods installation.\" >&2\n    exit 1\nfi\n# This output is used by Xcode 'outputs' to avoid re-running this script phase.\necho \"SUCCESS\" > \"${SCRIPT_OUTPUT_FILE_0}\"\n";
			showEnvVarsInLog = 0;
		};
		BE699871B8FA2A7002621A94 /* [CP] Check Pods Manifest.lock */ = {
			isa = PBXShellScriptBuildPhase;
			buildActionMask = 2147483647;
			files = (
			);
			inputFileListPaths = (
			);
			inputPaths = (
				"${PODS_PODFILE_DIR_PATH}/Podfile.lock",
				"${PODS_ROOT}/Manifest.lock",
			);
			name = "[CP] Check Pods Manifest.lock";
			outputFileListPaths = (
			);
			outputPaths = (
				"$(DERIVED_FILE_DIR)/Pods-FlixTests-checkManifestLockResult.txt",
			);
			runOnlyForDeploymentPostprocessing = 0;
			shellPath = /bin/sh;
			shellScript = "diff \"${PODS_PODFILE_DIR_PATH}/Podfile.lock\" \"${PODS_ROOT}/Manifest.lock\" > /dev/null\nif [ $? != 0 ] ; then\n    # print error to STDERR\n    echo \"error: The sandbox is not in sync with the Podfile.lock. Run 'pod install' or update your CocoaPods installation.\" >&2\n    exit 1\nfi\n# This output is used by Xcode 'outputs' to avoid re-running this script phase.\necho \"SUCCESS\" > \"${SCRIPT_OUTPUT_FILE_0}\"\n";
			showEnvVarsInLog = 0;
		};
		EC83AE64D3BC4D17392BAE25 /* [CP] Embed Pods Frameworks */ = {
			isa = PBXShellScriptBuildPhase;
			buildActionMask = 2147483647;
			files = (
			);
			inputFileListPaths = (
				"${PODS_ROOT}/Target Support Files/Pods-Flix-FlixUITests/Pods-Flix-FlixUITests-frameworks-${CONFIGURATION}-input-files.xcfilelist",
			);
			name = "[CP] Embed Pods Frameworks";
			outputFileListPaths = (
				"${PODS_ROOT}/Target Support Files/Pods-Flix-FlixUITests/Pods-Flix-FlixUITests-frameworks-${CONFIGURATION}-output-files.xcfilelist",
			);
			runOnlyForDeploymentPostprocessing = 0;
			shellPath = /bin/sh;
			shellScript = "\"${PODS_ROOT}/Target Support Files/Pods-Flix-FlixUITests/Pods-Flix-FlixUITests-frameworks.sh\"\n";
			showEnvVarsInLog = 0;
		};
/* End PBXShellScriptBuildPhase section */

/* Begin PBXSourcesBuildPhase section */
		24B2DAAB26F3FFC400386437 /* Sources */ = {
			isa = PBXSourcesBuildPhase;
			buildActionMask = 2147483647;
			files = (
				24EF65E726FE17CD003B7B0A /* MovieDetailsViewController.swift in Sources */,
				24B2DAB326F3FFC400386437 /* AppDelegate.swift in Sources */,
				24B2DAB526F3FFC400386437 /* SceneDelegate.swift in Sources */,
				245E194326F4EA3C0031F770 /* MovieCell.swift in Sources */,
				245E193A26F4D1F70031F770 /* MoviesViewController.swift in Sources */,
				24A0759426FE7EC400695957 /* MovieGridViewController.swift in Sources */,
				24A0759C26FE858D00695957 /* MovieGridCell.swift in Sources */,
			);
			runOnlyForDeploymentPostprocessing = 0;
		};
		24B2DAC126F3FFC500386437 /* Sources */ = {
			isa = PBXSourcesBuildPhase;
			buildActionMask = 2147483647;
			files = (
				24B2DACA26F3FFC500386437 /* FlixTests.swift in Sources */,
			);
			runOnlyForDeploymentPostprocessing = 0;
		};
		24B2DACC26F3FFC500386437 /* Sources */ = {
			isa = PBXSourcesBuildPhase;
			buildActionMask = 2147483647;
			files = (
				24B2DAD526F3FFC500386437 /* FlixUITests.swift in Sources */,
			);
			runOnlyForDeploymentPostprocessing = 0;
		};
/* End PBXSourcesBuildPhase section */

/* Begin PBXTargetDependency section */
		24B2DAC726F3FFC500386437 /* PBXTargetDependency */ = {
			isa = PBXTargetDependency;
			target = 24B2DAAE26F3FFC400386437 /* Flix */;
			targetProxy = 24B2DAC626F3FFC500386437 /* PBXContainerItemProxy */;
		};
		24B2DAD226F3FFC500386437 /* PBXTargetDependency */ = {
			isa = PBXTargetDependency;
			target = 24B2DAAE26F3FFC400386437 /* Flix */;
			targetProxy = 24B2DAD126F3FFC500386437 /* PBXContainerItemProxy */;
		};
/* End PBXTargetDependency section */

/* Begin PBXVariantGroup section */
		24B2DAB826F3FFC400386437 /* Main.storyboard */ = {
			isa = PBXVariantGroup;
			children = (
				24B2DAB926F3FFC400386437 /* Base */,
			);
			name = Main.storyboard;
			sourceTree = "<group>";
		};
		24B2DABD26F3FFC500386437 /* LaunchScreen.storyboard */ = {
			isa = PBXVariantGroup;
			children = (
				24B2DABE26F3FFC500386437 /* Base */,
			);
			name = LaunchScreen.storyboard;
			sourceTree = "<group>";
		};
/* End PBXVariantGroup section */

/* Begin XCBuildConfiguration section */
		24B2DAD726F3FFC500386437 /* Debug */ = {
			isa = XCBuildConfiguration;
			buildSettings = {
				ALWAYS_SEARCH_USER_PATHS = NO;
				CLANG_ANALYZER_NONNULL = YES;
				CLANG_ANALYZER_NUMBER_OBJECT_CONVERSION = YES_AGGRESSIVE;
				CLANG_CXX_LANGUAGE_STANDARD = "gnu++14";
				CLANG_CXX_LIBRARY = "libc++";
				CLANG_ENABLE_MODULES = YES;
				CLANG_ENABLE_OBJC_ARC = YES;
				CLANG_ENABLE_OBJC_WEAK = YES;
				CLANG_WARN_BLOCK_CAPTURE_AUTORELEASING = YES;
				CLANG_WARN_BOOL_CONVERSION = YES;
				CLANG_WARN_COMMA = YES;
				CLANG_WARN_CONSTANT_CONVERSION = YES;
				CLANG_WARN_DEPRECATED_OBJC_IMPLEMENTATIONS = YES;
				CLANG_WARN_DIRECT_OBJC_ISA_USAGE = YES_ERROR;
				CLANG_WARN_DOCUMENTATION_COMMENTS = YES;
				CLANG_WARN_EMPTY_BODY = YES;
				CLANG_WARN_ENUM_CONVERSION = YES;
				CLANG_WARN_INFINITE_RECURSION = YES;
				CLANG_WARN_INT_CONVERSION = YES;
				CLANG_WARN_NON_LITERAL_NULL_CONVERSION = YES;
				CLANG_WARN_OBJC_IMPLICIT_RETAIN_SELF = YES;
				CLANG_WARN_OBJC_LITERAL_CONVERSION = YES;
				CLANG_WARN_OBJC_ROOT_CLASS = YES_ERROR;
				CLANG_WARN_QUOTED_INCLUDE_IN_FRAMEWORK_HEADER = YES;
				CLANG_WARN_RANGE_LOOP_ANALYSIS = YES;
				CLANG_WARN_STRICT_PROTOTYPES = YES;
				CLANG_WARN_SUSPICIOUS_MOVE = YES;
				CLANG_WARN_UNGUARDED_AVAILABILITY = YES_AGGRESSIVE;
				CLANG_WARN_UNREACHABLE_CODE = YES;
				CLANG_WARN__DUPLICATE_METHOD_MATCH = YES;
				COPY_PHASE_STRIP = NO;
				DEBUG_INFORMATION_FORMAT = dwarf;
				ENABLE_STRICT_OBJC_MSGSEND = YES;
				ENABLE_TESTABILITY = YES;
				GCC_C_LANGUAGE_STANDARD = gnu11;
				GCC_DYNAMIC_NO_PIC = NO;
				GCC_NO_COMMON_BLOCKS = YES;
				GCC_OPTIMIZATION_LEVEL = 0;
				GCC_PREPROCESSOR_DEFINITIONS = (
					"DEBUG=1",
					"$(inherited)",
				);
				GCC_WARN_64_TO_32_BIT_CONVERSION = YES;
				GCC_WARN_ABOUT_RETURN_TYPE = YES_ERROR;
				GCC_WARN_UNDECLARED_SELECTOR = YES;
				GCC_WARN_UNINITIALIZED_AUTOS = YES_AGGRESSIVE;
				GCC_WARN_UNUSED_FUNCTION = YES;
				GCC_WARN_UNUSED_VARIABLE = YES;
				IPHONEOS_DEPLOYMENT_TARGET = 14.3;
				MTL_ENABLE_DEBUG_INFO = INCLUDE_SOURCE;
				MTL_FAST_MATH = YES;
				ONLY_ACTIVE_ARCH = YES;
				SDKROOT = iphoneos;
				SWIFT_ACTIVE_COMPILATION_CONDITIONS = DEBUG;
				SWIFT_OPTIMIZATION_LEVEL = "-Onone";
			};
			name = Debug;
		};
		24B2DAD826F3FFC500386437 /* Release */ = {
			isa = XCBuildConfiguration;
			buildSettings = {
				ALWAYS_SEARCH_USER_PATHS = NO;
				CLANG_ANALYZER_NONNULL = YES;
				CLANG_ANALYZER_NUMBER_OBJECT_CONVERSION = YES_AGGRESSIVE;
				CLANG_CXX_LANGUAGE_STANDARD = "gnu++14";
				CLANG_CXX_LIBRARY = "libc++";
				CLANG_ENABLE_MODULES = YES;
				CLANG_ENABLE_OBJC_ARC = YES;
				CLANG_ENABLE_OBJC_WEAK = YES;
				CLANG_WARN_BLOCK_CAPTURE_AUTORELEASING = YES;
				CLANG_WARN_BOOL_CONVERSION = YES;
				CLANG_WARN_COMMA = YES;
				CLANG_WARN_CONSTANT_CONVERSION = YES;
				CLANG_WARN_DEPRECATED_OBJC_IMPLEMENTATIONS = YES;
				CLANG_WARN_DIRECT_OBJC_ISA_USAGE = YES_ERROR;
				CLANG_WARN_DOCUMENTATION_COMMENTS = YES;
				CLANG_WARN_EMPTY_BODY = YES;
				CLANG_WARN_ENUM_CONVERSION = YES;
				CLANG_WARN_INFINITE_RECURSION = YES;
				CLANG_WARN_INT_CONVERSION = YES;
				CLANG_WARN_NON_LITERAL_NULL_CONVERSION = YES;
				CLANG_WARN_OBJC_IMPLICIT_RETAIN_SELF = YES;
				CLANG_WARN_OBJC_LITERAL_CONVERSION = YES;
				CLANG_WARN_OBJC_ROOT_CLASS = YES_ERROR;
				CLANG_WARN_QUOTED_INCLUDE_IN_FRAMEWORK_HEADER = YES;
				CLANG_WARN_RANGE_LOOP_ANALYSIS = YES;
				CLANG_WARN_STRICT_PROTOTYPES = YES;
				CLANG_WARN_SUSPICIOUS_MOVE = YES;
				CLANG_WARN_UNGUARDED_AVAILABILITY = YES_AGGRESSIVE;
				CLANG_WARN_UNREACHABLE_CODE = YES;
				CLANG_WARN__DUPLICATE_METHOD_MATCH = YES;
				COPY_PHASE_STRIP = NO;
				DEBUG_INFORMATION_FORMAT = "dwarf-with-dsym";
				ENABLE_NS_ASSERTIONS = NO;
				ENABLE_STRICT_OBJC_MSGSEND = YES;
				GCC_C_LANGUAGE_STANDARD = gnu11;
				GCC_NO_COMMON_BLOCKS = YES;
				GCC_WARN_64_TO_32_BIT_CONVERSION = YES;
				GCC_WARN_ABOUT_RETURN_TYPE = YES_ERROR;
				GCC_WARN_UNDECLARED_SELECTOR = YES;
				GCC_WARN_UNINITIALIZED_AUTOS = YES_AGGRESSIVE;
				GCC_WARN_UNUSED_FUNCTION = YES;
				GCC_WARN_UNUSED_VARIABLE = YES;
				IPHONEOS_DEPLOYMENT_TARGET = 14.3;
				MTL_ENABLE_DEBUG_INFO = NO;
				MTL_FAST_MATH = YES;
				SDKROOT = iphoneos;
				SWIFT_COMPILATION_MODE = wholemodule;
				SWIFT_OPTIMIZATION_LEVEL = "-O";
				VALIDATE_PRODUCT = YES;
			};
			name = Release;
		};
		24B2DADA26F3FFC500386437 /* Debug */ = {
			isa = XCBuildConfiguration;
			baseConfigurationReference = A10BEE7320A4B574A353E8CE /* Pods-Flix.debug.xcconfig */;
			buildSettings = {
				ASSETCATALOG_COMPILER_APPICON_NAME = AppIcon;
				ASSETCATALOG_COMPILER_GLOBAL_ACCENT_COLOR_NAME = AccentColor;
				CODE_SIGN_STYLE = Automatic;
				INFOPLIST_FILE = Flix/Info.plist;
				LD_RUNPATH_SEARCH_PATHS = (
					"$(inherited)",
					"@executable_path/Frameworks",
				);
				PRODUCT_BUNDLE_IDENTIFIER = com.asadrzv.Flix;
				PRODUCT_NAME = "$(TARGET_NAME)";
				SWIFT_VERSION = 5.0;
				TARGETED_DEVICE_FAMILY = "1,2";
			};
			name = Debug;
		};
		24B2DADB26F3FFC500386437 /* Release */ = {
			isa = XCBuildConfiguration;
			baseConfigurationReference = D54FB575B57121626A42AB66 /* Pods-Flix.release.xcconfig */;
			buildSettings = {
				ASSETCATALOG_COMPILER_APPICON_NAME = AppIcon;
				ASSETCATALOG_COMPILER_GLOBAL_ACCENT_COLOR_NAME = AccentColor;
				CODE_SIGN_STYLE = Automatic;
				INFOPLIST_FILE = Flix/Info.plist;
				LD_RUNPATH_SEARCH_PATHS = (
					"$(inherited)",
					"@executable_path/Frameworks",
				);
				PRODUCT_BUNDLE_IDENTIFIER = com.asadrzv.Flix;
				PRODUCT_NAME = "$(TARGET_NAME)";
				SWIFT_VERSION = 5.0;
				TARGETED_DEVICE_FAMILY = "1,2";
			};
			name = Release;
		};
		24B2DADD26F3FFC500386437 /* Debug */ = {
			isa = XCBuildConfiguration;
			baseConfigurationReference = 186A81F0254B278C44692F0F /* Pods-FlixTests.debug.xcconfig */;
			buildSettings = {
				ALWAYS_EMBED_SWIFT_STANDARD_LIBRARIES = YES;
				BUNDLE_LOADER = "$(TEST_HOST)";
				CODE_SIGN_STYLE = Automatic;
				INFOPLIST_FILE = FlixTests/Info.plist;
				IPHONEOS_DEPLOYMENT_TARGET = 14.3;
				LD_RUNPATH_SEARCH_PATHS = (
					"$(inherited)",
					"@executable_path/Frameworks",
					"@loader_path/Frameworks",
				);
				PRODUCT_BUNDLE_IDENTIFIER = com.asadrzv.FlixTests;
				PRODUCT_NAME = "$(TARGET_NAME)";
				SWIFT_VERSION = 5.0;
				TARGETED_DEVICE_FAMILY = "1,2";
				TEST_HOST = "$(BUILT_PRODUCTS_DIR)/Flix.app/Flix";
			};
			name = Debug;
		};
		24B2DADE26F3FFC500386437 /* Release */ = {
			isa = XCBuildConfiguration;
			baseConfigurationReference = 001F250918FD627799E0CDB0 /* Pods-FlixTests.release.xcconfig */;
			buildSettings = {
				ALWAYS_EMBED_SWIFT_STANDARD_LIBRARIES = YES;
				BUNDLE_LOADER = "$(TEST_HOST)";
				CODE_SIGN_STYLE = Automatic;
				INFOPLIST_FILE = FlixTests/Info.plist;
				IPHONEOS_DEPLOYMENT_TARGET = 14.3;
				LD_RUNPATH_SEARCH_PATHS = (
					"$(inherited)",
					"@executable_path/Frameworks",
					"@loader_path/Frameworks",
				);
				PRODUCT_BUNDLE_IDENTIFIER = com.asadrzv.FlixTests;
				PRODUCT_NAME = "$(TARGET_NAME)";
				SWIFT_VERSION = 5.0;
				TARGETED_DEVICE_FAMILY = "1,2";
				TEST_HOST = "$(BUILT_PRODUCTS_DIR)/Flix.app/Flix";
			};
			name = Release;
		};
		24B2DAE026F3FFC500386437 /* Debug */ = {
			isa = XCBuildConfiguration;
			baseConfigurationReference = CE47F55837ACE75AE1C626B3 /* Pods-Flix-FlixUITests.debug.xcconfig */;
			buildSettings = {
				ALWAYS_EMBED_SWIFT_STANDARD_LIBRARIES = YES;
				CODE_SIGN_STYLE = Automatic;
				INFOPLIST_FILE = FlixUITests/Info.plist;
				LD_RUNPATH_SEARCH_PATHS = (
					"$(inherited)",
					"@executable_path/Frameworks",
					"@loader_path/Frameworks",
				);
				PRODUCT_BUNDLE_IDENTIFIER = com.asadrzv.FlixUITests;
				PRODUCT_NAME = "$(TARGET_NAME)";
				SWIFT_VERSION = 5.0;
				TARGETED_DEVICE_FAMILY = "1,2";
				TEST_TARGET_NAME = Flix;
			};
			name = Debug;
		};
		24B2DAE126F3FFC500386437 /* Release */ = {
			isa = XCBuildConfiguration;
			baseConfigurationReference = B18E09E343AEF11E2C82AFB7 /* Pods-Flix-FlixUITests.release.xcconfig */;
			buildSettings = {
				ALWAYS_EMBED_SWIFT_STANDARD_LIBRARIES = YES;
				CODE_SIGN_STYLE = Automatic;
				INFOPLIST_FILE = FlixUITests/Info.plist;
				LD_RUNPATH_SEARCH_PATHS = (
					"$(inherited)",
					"@executable_path/Frameworks",
					"@loader_path/Frameworks",
				);
				PRODUCT_BUNDLE_IDENTIFIER = com.asadrzv.FlixUITests;
				PRODUCT_NAME = "$(TARGET_NAME)";
				SWIFT_VERSION = 5.0;
				TARGETED_DEVICE_FAMILY = "1,2";
				TEST_TARGET_NAME = Flix;
			};
			name = Release;
		};
/* End XCBuildConfiguration section */

/* Begin XCConfigurationList section */
		24B2DAAA26F3FFC400386437 /* Build configuration list for PBXProject "Flix" */ = {
			isa = XCConfigurationList;
			buildConfigurations = (
				24B2DAD726F3FFC500386437 /* Debug */,
				24B2DAD826F3FFC500386437 /* Release */,
			);
			defaultConfigurationIsVisible = 0;
			defaultConfigurationName = Release;
		};
		24B2DAD926F3FFC500386437 /* Build configuration list for PBXNativeTarget "Flix" */ = {
			isa = XCConfigurationList;
			buildConfigurations = (
				24B2DADA26F3FFC500386437 /* Debug */,
				24B2DADB26F3FFC500386437 /* Release */,
			);
			defaultConfigurationIsVisible = 0;
			defaultConfigurationName = Release;
		};
		24B2DADC26F3FFC500386437 /* Build configuration list for PBXNativeTarget "FlixTests" */ = {
			isa = XCConfigurationList;
			buildConfigurations = (
				24B2DADD26F3FFC500386437 /* Debug */,
				24B2DADE26F3FFC500386437 /* Release */,
			);
			defaultConfigurationIsVisible = 0;
			defaultConfigurationName = Release;
		};
		24B2DADF26F3FFC500386437 /* Build configuration list for PBXNativeTarget "FlixUITests" */ = {
			isa = XCConfigurationList;
			buildConfigurations = (
				24B2DAE026F3FFC500386437 /* Debug */,
				24B2DAE126F3FFC500386437 /* Release */,
			);
			defaultConfigurationIsVisible = 0;
			defaultConfigurationName = Release;
		};
/* End XCConfigurationList section */

/* Begin XCRemoteSwiftPackageReference section */
		245E194A26F4F1440031F770 /* XCRemoteSwiftPackageReference "AlamofireImage" */ = {
			isa = XCRemoteSwiftPackageReference;
			repositoryURL = "https://github.com/Alamofire/AlamofireImage";
			requirement = {
				kind = upToNextMajorVersion;
				minimumVersion = 4.2.0;
			};
		};
/* End XCRemoteSwiftPackageReference section */

/* Begin XCSwiftPackageProductDependency section */
		245E194B26F4F1440031F770 /* AlamofireImage */ = {
			isa = XCSwiftPackageProductDependency;
			package = 245E194A26F4F1440031F770 /* XCRemoteSwiftPackageReference "AlamofireImage" */;
			productName = AlamofireImage;
		};
/* End XCSwiftPackageProductDependency section */
	};
	rootObject = 24B2DAA726F3FFC400386437 /* Project object */;
}
